// !$*UTF8*$!
{
	archiveVersion = 1;
	classes = {
	};
	objectVersion = 63;
	objects = {

/* Begin PBXBuildFile section */
		859FE2B32CB818AA008888C4 /* SnapKit in Frameworks */ = {isa = PBXBuildFile; productRef = 859FE2B22CB818AA008888C4 /* SnapKit */; };
		ECB15F432D0C5F01002EA268 /* Assets.xcassets in Resources */ = {isa = PBXBuildFile; fileRef = ECB15F372D0C5F01002EA268 /* Assets.xcassets */; };
		ECB15F452D0C5F01002EA268 /* AppDelegate.swift in Sources */ = {isa = PBXBuildFile; fileRef = ECB15F2C2D0C5F01002EA268 /* AppDelegate.swift */; };
		ECB15F462D0C5F01002EA268 /* SceneDelegate.swift in Sources */ = {isa = PBXBuildFile; fileRef = ECB15F2D2D0C5F01002EA268 /* SceneDelegate.swift */; };
		ECB15F472D0C5F01002EA268 /* MainViewController.swift in Sources */ = {isa = PBXBuildFile; fileRef = ECB15F2F2D0C5F01002EA268 /* MainViewController.swift */; };
		ECB15F482D0C5F01002EA268 /* MainViewModel.swift in Sources */ = {isa = PBXBuildFile; fileRef = ECB15F312D0C5F01002EA268 /* MainViewModel.swift */; };
		ECB15F492D0C5F01002EA268 /* MainView.swift in Sources */ = {isa = PBXBuildFile; fileRef = ECB15F332D0C5F01002EA268 /* MainView.swift */; };
		ECB15F4A2D0C5F01002EA268 /* WeatherStatsView.swift in Sources */ = {isa = PBXBuildFile; fileRef = ECB15F342D0C5F01002EA268 /* WeatherStatsView.swift */; };
		ECB15F4B2D0C5F01002EA268 /* GenericViewController.swift in Sources */ = {isa = PBXBuildFile; fileRef = ECB15F392D0C5F01002EA268 /* GenericViewController.swift */; };
		ECB15F4C2D0C5F01002EA268 /* UIView+AddSubviews.swift in Sources */ = {isa = PBXBuildFile; fileRef = ECB15F3A2D0C5F01002EA268 /* UIView+AddSubviews.swift */; };
		ECB15F4D2D0C5F01002EA268 /* Request.swift in Sources */ = {isa = PBXBuildFile; fileRef = ECB15F3C2D0C5F01002EA268 /* Request.swift */; };
		F7628C1A2D6139AA0097461E /* WeatherData.swift in Sources */ = {isa = PBXBuildFile; fileRef = F7628C192D6139960097461E /* WeatherData.swift */; };
		F7628C1D2D613A240097461E /*  WindData.swift in Sources */ = {isa = PBXBuildFile; fileRef = F7628C1C2D613A210097461E /*  WindData.swift */; };
/* End PBXBuildFile section */

/* Begin PBXFileReference section */
		859FE2892CB800E9008888C4 /* WeatherApp.app */ = {isa = PBXFileReference; explicitFileType = wrapper.application; includeInIndex = 0; path = WeatherApp.app; sourceTree = BUILT_PRODUCTS_DIR; };
		ECB15F2C2D0C5F01002EA268 /* AppDelegate.swift */ = {isa = PBXFileReference; lastKnownFileType = sourcecode.swift; path = AppDelegate.swift; sourceTree = "<group>"; };
		ECB15F2D2D0C5F01002EA268 /* SceneDelegate.swift */ = {isa = PBXFileReference; lastKnownFileType = sourcecode.swift; path = SceneDelegate.swift; sourceTree = "<group>"; };
		ECB15F2F2D0C5F01002EA268 /* MainViewController.swift */ = {isa = PBXFileReference; lastKnownFileType = sourcecode.swift; path = MainViewController.swift; sourceTree = "<group>"; };
		ECB15F312D0C5F01002EA268 /* MainViewModel.swift */ = {isa = PBXFileReference; lastKnownFileType = sourcecode.swift; path = MainViewModel.swift; sourceTree = "<group>"; };
		ECB15F332D0C5F01002EA268 /* MainView.swift */ = {isa = PBXFileReference; lastKnownFileType = sourcecode.swift; path = MainView.swift; sourceTree = "<group>"; };
		ECB15F342D0C5F01002EA268 /* WeatherStatsView.swift */ = {isa = PBXFileReference; lastKnownFileType = sourcecode.swift; path = WeatherStatsView.swift; sourceTree = "<group>"; };
		ECB15F372D0C5F01002EA268 /* Assets.xcassets */ = {isa = PBXFileReference; lastKnownFileType = folder.assetcatalog; path = Assets.xcassets; sourceTree = "<group>"; };
		ECB15F392D0C5F01002EA268 /* GenericViewController.swift */ = {isa = PBXFileReference; lastKnownFileType = sourcecode.swift; path = GenericViewController.swift; sourceTree = "<group>"; };
		ECB15F3A2D0C5F01002EA268 /* UIView+AddSubviews.swift */ = {isa = PBXFileReference; lastKnownFileType = sourcecode.swift; path = "UIView+AddSubviews.swift"; sourceTree = "<group>"; };
		ECB15F3C2D0C5F01002EA268 /* Request.swift */ = {isa = PBXFileReference; lastKnownFileType = sourcecode.swift; path = Request.swift; sourceTree = "<group>"; };
		ECB15F412D0C5F01002EA268 /* Info.plist */ = {isa = PBXFileReference; lastKnownFileType = text.plist.xml; path = Info.plist; sourceTree = "<group>"; };
		F7628C192D6139960097461E /* WeatherData.swift */ = {isa = PBXFileReference; lastKnownFileType = sourcecode.swift; path = WeatherData.swift; sourceTree = "<group>"; };
		F7628C1C2D613A210097461E /*  WindData.swift */ = {isa = PBXFileReference; lastKnownFileType = sourcecode.swift; path = " WindData.swift"; sourceTree = "<group>"; };
/* End PBXFileReference section */

/* Begin PBXFrameworksBuildPhase section */
		859FE2862CB800E9008888C4 /* Frameworks */ = {
			isa = PBXFrameworksBuildPhase;
			buildActionMask = 2147483647;
			files = (
				859FE2B32CB818AA008888C4 /* SnapKit in Frameworks */,
			);
			runOnlyForDeploymentPostprocessing = 0;
		};
/* End PBXFrameworksBuildPhase section */

/* Begin PBXGroup section */
		859FE2802CB800E9008888C4 = {
			isa = PBXGroup;
			children = (
				ECB15F422D0C5F01002EA268 /* WeatherApp */,
				859FE28A2CB800E9008888C4 /* Products */,
			);
			sourceTree = "<group>";
		};
		859FE28A2CB800E9008888C4 /* Products */ = {
			isa = PBXGroup;
			children = (
				859FE2892CB800E9008888C4 /* WeatherApp.app */,
			);
			name = Products;
			sourceTree = "<group>";
		};
		ECB15F2E2D0C5F01002EA268 /* Application */ = {
			isa = PBXGroup;
			children = (
				ECB15F2C2D0C5F01002EA268 /* AppDelegate.swift */,
				ECB15F2D2D0C5F01002EA268 /* SceneDelegate.swift */,
			);
			path = Application;
			sourceTree = "<group>";
		};
		ECB15F302D0C5F01002EA268 /* Controller */ = {
			isa = PBXGroup;
			children = (
				ECB15F2F2D0C5F01002EA268 /* MainViewController.swift */,
			);
			path = Controller;
			sourceTree = "<group>";
		};
		ECB15F322D0C5F01002EA268 /* Model */ = {
			isa = PBXGroup;
			children = (
				ECB15F312D0C5F01002EA268 /* MainViewModel.swift */,
				F7628C192D6139960097461E /* WeatherData.swift */,
				F7628C1C2D613A210097461E /*  WindData.swift */,
			);
			path = Model;
			sourceTree = "<group>";
		};
		ECB15F352D0C5F01002EA268 /* View */ = {
			isa = PBXGroup;
			children = (
				ECB15F332D0C5F01002EA268 /* MainView.swift */,
				ECB15F342D0C5F01002EA268 /* WeatherStatsView.swift */,
			);
			path = View;
			sourceTree = "<group>";
		};
		ECB15F362D0C5F01002EA268 /* Modules */ = {
			isa = PBXGroup;
			children = (
				ECB15F302D0C5F01002EA268 /* Controller */,
				ECB15F322D0C5F01002EA268 /* Model */,
				ECB15F352D0C5F01002EA268 /* View */,
			);
			path = Modules;
			sourceTree = "<group>";
		};
		ECB15F382D0C5F01002EA268 /* Resources */ = {
			isa = PBXGroup;
			children = (
				ECB15F372D0C5F01002EA268 /* Assets.xcassets */,
			);
			path = Resources;
			sourceTree = "<group>";
		};
		ECB15F3B2D0C5F01002EA268 /* Extensions */ = {
			isa = PBXGroup;
			children = (
				ECB15F392D0C5F01002EA268 /* GenericViewController.swift */,
				ECB15F3A2D0C5F01002EA268 /* UIView+AddSubviews.swift */,
			);
			path = Extensions;
			sourceTree = "<group>";
		};
		ECB15F3D2D0C5F01002EA268 /* Request */ = {
			isa = PBXGroup;
			children = (
				ECB15F3C2D0C5F01002EA268 /* Request.swift */,
			);
			path = Request;
			sourceTree = "<group>";
		};
		ECB15F3F2D0C5F01002EA268 /* Network Layer */ = {
			isa = PBXGroup;
			children = (
				ECB15F3D2D0C5F01002EA268 /* Request */,
			);
			path = "Network Layer";
			sourceTree = "<group>";
		};
		ECB15F402D0C5F01002EA268 /* Utilities */ = {
			isa = PBXGroup;
			children = (
				ECB15F3B2D0C5F01002EA268 /* Extensions */,
				ECB15F3F2D0C5F01002EA268 /* Network Layer */,
			);
			path = Utilities;
			sourceTree = "<group>";
		};
		ECB15F422D0C5F01002EA268 /* WeatherApp */ = {
			isa = PBXGroup;
			children = (
				ECB15F2E2D0C5F01002EA268 /* Application */,
				ECB15F362D0C5F01002EA268 /* Modules */,
				ECB15F382D0C5F01002EA268 /* Resources */,
				ECB15F402D0C5F01002EA268 /* Utilities */,
				ECB15F412D0C5F01002EA268 /* Info.plist */,
			);
			path = WeatherApp;
			sourceTree = "<group>";
		};
/* End PBXGroup section */

/* Begin PBXNativeTarget section */
		859FE2882CB800E9008888C4 /* WeatherApp */ = {
			isa = PBXNativeTarget;
			buildConfigurationList = 859FE29C2CB800EA008888C4 /* Build configuration list for PBXNativeTarget "WeatherApp" */;
			buildPhases = (
				859FE2852CB800E9008888C4 /* Sources */,
				859FE2862CB800E9008888C4 /* Frameworks */,
				859FE2872CB800E9008888C4 /* Resources */,
			);
			buildRules = (
			);
			dependencies = (
			);
			name = WeatherApp;
			packageProductDependencies = (
				859FE2B22CB818AA008888C4 /* SnapKit */,
			);
			productName = WeatherApp;
			productReference = 859FE2892CB800E9008888C4 /* WeatherApp.app */;
			productType = "com.apple.product-type.application";
		};
/* End PBXNativeTarget section */

/* Begin PBXProject section */
		859FE2812CB800E9008888C4 /* Project object */ = {
			isa = PBXProject;
			attributes = {
				BuildIndependentTargetsInParallel = 1;
				LastSwiftUpdateCheck = 1600;
				LastUpgradeCheck = 1600;
				TargetAttributes = {
					859FE2882CB800E9008888C4 = {
						CreatedOnToolsVersion = 16.0;
					};
				};
			};
			buildConfigurationList = 859FE2842CB800E9008888C4 /* Build configuration list for PBXProject "WeatherApp" */;
			compatibilityVersion = "Xcode 14.0";
			developmentRegion = en;
			hasScannedForEncodings = 0;
			knownRegions = (
				en,
				Base,
			);
			mainGroup = 859FE2802CB800E9008888C4;
			minimizedProjectReferenceProxies = 1;
			packageReferences = (
				859FE2B12CB818AA008888C4 /* XCRemoteSwiftPackageReference "SnapKit" */,
			);
			productRefGroup = 859FE28A2CB800E9008888C4 /* Products */;
			projectDirPath = "";
			projectRoot = "";
			targets = (
				859FE2882CB800E9008888C4 /* WeatherApp */,
			);
		};
/* End PBXProject section */

/* Begin PBXResourcesBuildPhase section */
		859FE2872CB800E9008888C4 /* Resources */ = {
			isa = PBXResourcesBuildPhase;
			buildActionMask = 2147483647;
			files = (
				ECB15F432D0C5F01002EA268 /* Assets.xcassets in Resources */,
			);
			runOnlyForDeploymentPostprocessing = 0;
		};
/* End PBXResourcesBuildPhase section */

/* Begin PBXSourcesBuildPhase section */
		859FE2852CB800E9008888C4 /* Sources */ = {
			isa = PBXSourcesBuildPhase;
			buildActionMask = 2147483647;
			files = (
				ECB15F452D0C5F01002EA268 /* AppDelegate.swift in Sources */,
				ECB15F462D0C5F01002EA268 /* SceneDelegate.swift in Sources */,
				ECB15F472D0C5F01002EA268 /* MainViewController.swift in Sources */,
				ECB15F482D0C5F01002EA268 /* MainViewModel.swift in Sources */,
				ECB15F492D0C5F01002EA268 /* MainView.swift in Sources */,
				F7628C1D2D613A240097461E /*  WindData.swift in Sources */,
				ECB15F4A2D0C5F01002EA268 /* WeatherStatsView.swift in Sources */,
				F7628C1A2D6139AA0097461E /* WeatherData.swift in Sources */,
				ECB15F4B2D0C5F01002EA268 /* GenericViewController.swift in Sources */,
				ECB15F4C2D0C5F01002EA268 /* UIView+AddSubviews.swift in Sources */,
				ECB15F4D2D0C5F01002EA268 /* Request.swift in Sources */,
			);
			runOnlyForDeploymentPostprocessing = 0;
		};
/* End PBXSourcesBuildPhase section */

/* Begin XCBuildConfiguration section */
		859FE29D2CB800EA008888C4 /* Debug */ = {
			isa = XCBuildConfiguration;
			buildSettings = {
				ASSETCATALOG_COMPILER_APPICON_NAME = AppIcon;
				ASSETCATALOG_COMPILER_GLOBAL_ACCENT_COLOR_NAME = AccentColor;
				CODE_SIGN_STYLE = Automatic;
				CURRENT_PROJECT_VERSION = 1;
				DEVELOPMENT_TEAM = S6SC897584;
				GENERATE_INFOPLIST_FILE = YES;
				INFOPLIST_FILE = WeatherApp/Info.plist;
				INFOPLIST_KEY_UIApplicationSupportsIndirectInputEvents = YES;
				INFOPLIST_KEY_UILaunchStoryboardName = LaunchScreen;
				INFOPLIST_KEY_UISupportedInterfaceOrientations_iPad = "UIInterfaceOrientationPortrait UIInterfaceOrientationPortraitUpsideDown UIInterfaceOrientationLandscapeLeft UIInterfaceOrientationLandscapeRight";
				INFOPLIST_KEY_UISupportedInterfaceOrientations_iPhone = "UIInterfaceOrientationPortrait UIInterfaceOrientationLandscapeLeft UIInterfaceOrientationLandscapeRight";
				IPHONEOS_DEPLOYMENT_TARGET = 16.6;
				LD_RUNPATH_SEARCH_PATHS = (
					"$(inherited)",
					"@executable_path/Frameworks",
				);
				MARKETING_VERSION = 1.0;
				PRODUCT_BUNDLE_IDENTIFIER = io.nklns.WeatherApp;
				PRODUCT_NAME = "$(TARGET_NAME)";
				SWIFT_EMIT_LOC_STRINGS = YES;
				SWIFT_VERSION = 5.0;
				TARGETED_DEVICE_FAMILY = "1,2";
			};
			name = Debug;
		};
		859FE29E2CB800EA008888C4 /* Release */ = {
			isa = XCBuildConfiguration;
			buildSettings = {
				ASSETCATALOG_COMPILER_APPICON_NAME = AppIcon;
				ASSETCATALOG_COMPILER_GLOBAL_ACCENT_COLOR_NAME = AccentColor;
				CODE_SIGN_STYLE = Automatic;
				CURRENT_PROJECT_VERSION = 1;
				DEVELOPMENT_TEAM = S6SC897584;
				GENERATE_INFOPLIST_FILE = YES;
				INFOPLIST_FILE = WeatherApp/Info.plist;
				INFOPLIST_KEY_UIApplicationSupportsIndirectInputEvents = YES;
				INFOPLIST_KEY_UILaunchStoryboardName = LaunchScreen;
				INFOPLIST_KEY_UISupportedInterfaceOrientations_iPad = "UIInterfaceOrientationPortrait UIInterfaceOrientationPortraitUpsideDown UIInterfaceOrientationLandscapeLeft UIInterfaceOrientationLandscapeRight";
				INFOPLIST_KEY_UISupportedInterfaceOrientations_iPhone = "UIInterfaceOrientationPortrait UIInterfaceOrientationLandscapeLeft UIInterfaceOrientationLandscapeRight";
				IPHONEOS_DEPLOYMENT_TARGET = 16.6;
				LD_RUNPATH_SEARCH_PATHS = (
					"$(inherited)",
					"@executable_path/Frameworks",
				);
				MARKETING_VERSION = 1.0;
				PRODUCT_BUNDLE_IDENTIFIER = io.nklns.WeatherApp;
				PRODUCT_NAME = "$(TARGET_NAME)";
				SWIFT_EMIT_LOC_STRINGS = YES;
				SWIFT_VERSION = 5.0;
				TARGETED_DEVICE_FAMILY = "1,2";
			};
			name = Release;
		};
		859FE29F2CB800EA008888C4 /* Debug */ = {
			isa = XCBuildConfiguration;
			buildSettings = {
				ALWAYS_SEARCH_USER_PATHS = NO;
				ASSETCATALOG_COMPILER_GENERATE_SWIFT_ASSET_SYMBOL_EXTENSIONS = YES;
				CLANG_ANALYZER_NONNULL = YES;
				CLANG_ANALYZER_NUMBER_OBJECT_CONVERSION = YES_AGGRESSIVE;
				CLANG_CXX_LANGUAGE_STANDARD = "gnu++20";
				CLANG_ENABLE_MODULES = YES;
				CLANG_ENABLE_OBJC_ARC = YES;
				CLANG_ENABLE_OBJC_WEAK = YES;
				CLANG_WARN_BLOCK_CAPTURE_AUTORELEASING = YES;
				CLANG_WARN_BOOL_CONVERSION = YES;
				CLANG_WARN_COMMA = YES;
				CLANG_WARN_CONSTANT_CONVERSION = YES;
				CLANG_WARN_DEPRECATED_OBJC_IMPLEMENTATIONS = YES;
				CLANG_WARN_DIRECT_OBJC_ISA_USAGE = YES_ERROR;
				CLANG_WARN_DOCUMENTATION_COMMENTS = YES;
				CLANG_WARN_EMPTY_BODY = YES;
				CLANG_WARN_ENUM_CONVERSION = YES;
				CLANG_WARN_INFINITE_RECURSION = YES;
				CLANG_WARN_INT_CONVERSION = YES;
				CLANG_WARN_NON_LITERAL_NULL_CONVERSION = YES;
				CLANG_WARN_OBJC_IMPLICIT_RETAIN_SELF = YES;
				CLANG_WARN_OBJC_LITERAL_CONVERSION = YES;
				CLANG_WARN_OBJC_ROOT_CLASS = YES_ERROR;
				CLANG_WARN_QUOTED_INCLUDE_IN_FRAMEWORK_HEADER = YES;
				CLANG_WARN_RANGE_LOOP_ANALYSIS = YES;
				CLANG_WARN_STRICT_PROTOTYPES = YES;
				CLANG_WARN_SUSPICIOUS_MOVE = YES;
				CLANG_WARN_UNGUARDED_AVAILABILITY = YES_AGGRESSIVE;
				CLANG_WARN_UNREACHABLE_CODE = YES;
				CLANG_WARN__DUPLICATE_METHOD_MATCH = YES;
				COPY_PHASE_STRIP = NO;
				DEBUG_INFORMATION_FORMAT = dwarf;
				ENABLE_STRICT_OBJC_MSGSEND = YES;
				ENABLE_TESTABILITY = YES;
				ENABLE_USER_SCRIPT_SANDBOXING = YES;
				GCC_C_LANGUAGE_STANDARD = gnu17;
				GCC_DYNAMIC_NO_PIC = NO;
				GCC_NO_COMMON_BLOCKS = YES;
				GCC_OPTIMIZATION_LEVEL = 0;
				GCC_PREPROCESSOR_DEFINITIONS = (
					"DEBUG=1",
					"$(inherited)",
				);
				GCC_WARN_64_TO_32_BIT_CONVERSION = YES;
				GCC_WARN_ABOUT_RETURN_TYPE = YES_ERROR;
				GCC_WARN_UNDECLARED_SELECTOR = YES;
				GCC_WARN_UNINITIALIZED_AUTOS = YES_AGGRESSIVE;
				GCC_WARN_UNUSED_FUNCTION = YES;
				GCC_WARN_UNUSED_VARIABLE = YES;
				IPHONEOS_DEPLOYMENT_TARGET = 18.0;
				LOCALIZATION_PREFERS_STRING_CATALOGS = YES;
				MTL_ENABLE_DEBUG_INFO = INCLUDE_SOURCE;
				MTL_FAST_MATH = YES;
				ONLY_ACTIVE_ARCH = YES;
				SDKROOT = iphoneos;
				SWIFT_ACTIVE_COMPILATION_CONDITIONS = "DEBUG $(inherited)";
				SWIFT_OPTIMIZATION_LEVEL = "-Onone";
			};
			name = Debug;
		};
		859FE2A02CB800EA008888C4 /* Release */ = {
			isa = XCBuildConfiguration;
			buildSettings = {
				ALWAYS_SEARCH_USER_PATHS = NO;
				ASSETCATALOG_COMPILER_GENERATE_SWIFT_ASSET_SYMBOL_EXTENSIONS = YES;
				CLANG_ANALYZER_NONNULL = YES;
				CLANG_ANALYZER_NUMBER_OBJECT_CONVERSION = YES_AGGRESSIVE;
				CLANG_CXX_LANGUAGE_STANDARD = "gnu++20";
				CLANG_ENABLE_MODULES = YES;
				CLANG_ENABLE_OBJC_ARC = YES;
				CLANG_ENABLE_OBJC_WEAK = YES;
				CLANG_WARN_BLOCK_CAPTURE_AUTORELEASING = YES;
				CLANG_WARN_BOOL_CONVERSION = YES;
				CLANG_WARN_COMMA = YES;
				CLANG_WARN_CONSTANT_CONVERSION = YES;
				CLANG_WARN_DEPRECATED_OBJC_IMPLEMENTATIONS = YES;
				CLANG_WARN_DIRECT_OBJC_ISA_USAGE = YES_ERROR;
				CLANG_WARN_DOCUMENTATION_COMMENTS = YES;
				CLANG_WARN_EMPTY_BODY = YES;
				CLANG_WARN_ENUM_CONVERSION = YES;
				CLANG_WARN_INFINITE_RECURSION = YES;
				CLANG_WARN_INT_CONVERSION = YES;
				CLANG_WARN_NON_LITERAL_NULL_CONVERSION = YES;
				CLANG_WARN_OBJC_IMPLICIT_RETAIN_SELF = YES;
				CLANG_WARN_OBJC_LITERAL_CONVERSION = YES;
				CLANG_WARN_OBJC_ROOT_CLASS = YES_ERROR;
				CLANG_WARN_QUOTED_INCLUDE_IN_FRAMEWORK_HEADER = YES;
				CLANG_WARN_RANGE_LOOP_ANALYSIS = YES;
				CLANG_WARN_STRICT_PROTOTYPES = YES;
				CLANG_WARN_SUSPICIOUS_MOVE = YES;
				CLANG_WARN_UNGUARDED_AVAILABILITY = YES_AGGRESSIVE;
				CLANG_WARN_UNREACHABLE_CODE = YES;
				CLANG_WARN__DUPLICATE_METHOD_MATCH = YES;
				COPY_PHASE_STRIP = NO;
				DEBUG_INFORMATION_FORMAT = "dwarf-with-dsym";
				ENABLE_NS_ASSERTIONS = NO;
				ENABLE_STRICT_OBJC_MSGSEND = YES;
				ENABLE_USER_SCRIPT_SANDBOXING = YES;
				GCC_C_LANGUAGE_STANDARD = gnu17;
				GCC_NO_COMMON_BLOCKS = YES;
				GCC_WARN_64_TO_32_BIT_CONVERSION = YES;
				GCC_WARN_ABOUT_RETURN_TYPE = YES_ERROR;
				GCC_WARN_UNDECLARED_SELECTOR = YES;
				GCC_WARN_UNINITIALIZED_AUTOS = YES_AGGRESSIVE;
				GCC_WARN_UNUSED_FUNCTION = YES;
				GCC_WARN_UNUSED_VARIABLE = YES;
				IPHONEOS_DEPLOYMENT_TARGET = 18.0;
				LOCALIZATION_PREFERS_STRING_CATALOGS = YES;
				MTL_ENABLE_DEBUG_INFO = NO;
				MTL_FAST_MATH = YES;
				SDKROOT = iphoneos;
				SWIFT_COMPILATION_MODE = wholemodule;
				VALIDATE_PRODUCT = YES;
			};
			name = Release;
		};
/* End XCBuildConfiguration section */

/* Begin XCConfigurationList section */
		859FE2842CB800E9008888C4 /* Build configuration list for PBXProject "WeatherApp" */ = {
			isa = XCConfigurationList;
			buildConfigurations = (
				859FE29F2CB800EA008888C4 /* Debug */,
				859FE2A02CB800EA008888C4 /* Release */,
			);
			defaultConfigurationIsVisible = 0;
			defaultConfigurationName = Release;
		};
		859FE29C2CB800EA008888C4 /* Build configuration list for PBXNativeTarget "WeatherApp" */ = {
			isa = XCConfigurationList;
			buildConfigurations = (
				859FE29D2CB800EA008888C4 /* Debug */,
				859FE29E2CB800EA008888C4 /* Release */,
			);
			defaultConfigurationIsVisible = 0;
			defaultConfigurationName = Release;
		};
/* End XCConfigurationList section */

/* Begin XCRemoteSwiftPackageReference section */
		859FE2B12CB818AA008888C4 /* XCRemoteSwiftPackageReference "SnapKit" */ = {
			isa = XCRemoteSwiftPackageReference;
			repositoryURL = "https://github.com/SnapKit/SnapKit.git";
			requirement = {
				kind = upToNextMajorVersion;
				minimumVersion = 5.7.1;
			};
		};
/* End XCRemoteSwiftPackageReference section */

/* Begin XCSwiftPackageProductDependency section */
		859FE2B22CB818AA008888C4 /* SnapKit */ = {
			isa = XCSwiftPackageProductDependency;
			package = 859FE2B12CB818AA008888C4 /* XCRemoteSwiftPackageReference "SnapKit" */;
			productName = SnapKit;
		};
/* End XCSwiftPackageProductDependency section */
	};
	rootObject = 859FE2812CB800E9008888C4 /* Project object */;
}
